{
  "name": "PG-BOOKING",
  "lockfileVersion": 2,
  "requires": true,
  "packages": {
    "": {
      "devDependencies": {
        "@iconify-icon/solid": "^2.1.1"
      }
    },
    "node_modules/@iconify-icon/solid": {
      "version": "2.1.1",
      "resolved": "https://registry.npmjs.org/@iconify-icon/solid/-/solid-2.1.1.tgz",
      "integrity": "sha512-1X7nt336uhilWO0iFPf5CCvYBgneiHaX2Fq254JPG9jasDW8/cXd2ZZbtmvSz7xra+Ve3uIn15n7f/8X6USmLg==",
      "dev": true,
      "dependencies": {
        "iconify-icon": "^2.1.0"
      },
      "funding": {
        "url": "https://github.com/sponsors/cyberalien"
      },
      "peerDependencies": {
        "solid-js": ">=1"
      }
    },
    "node_modules/@iconify/types": {
      "version": "2.0.0",
      "resolved": "https://registry.npmjs.org/@iconify/types/-/types-2.0.0.tgz",
      "integrity": "sha512-+wluvCrRhXrhyOmRDJ3q8mux9JkKy5SJ/v8ol2tu4FVjyYvtEzkc/3pK15ET6RKg4b4w4BmTk1+gsCUhf21Ykg==",
      "dev": true
    },
    "node_modules/csstype": {
      "version": "3.1.3",
      "resolved": "https://registry.npmjs.org/csstype/-/csstype-3.1.3.tgz",
      "integrity": "sha512-M1uQkMl8rQK/szD0LNhtqxIPLpimGm8sOBwU7lLnCpSbTyY3yeU1Vc7l4KT5zT4s/yOxHH5O7tIuuLOCnLADRw==",
      "dev": true,
      "peer": true
    },
    "node_modules/iconify-icon": {
      "version": "2.1.0",
      "resolved": "https://registry.npmjs.org/iconify-icon/-/iconify-icon-2.1.0.tgz",
      "integrity": "sha512-lto4XU3bwTQnb+D/CsJ4dWAo0aDe+uPMxEtxyOodw9l7R9QnJUUab3GCehlw2M8mDHdeUu/ufx8PvRQiJphhXg==",
      "dev": true,
      "dependencies": {
        "@iconify/types": "^2.0.0"
      },
      "funding": {
        "url": "https://github.com/sponsors/cyberalien"
      }
    },
    "node_modules/seroval": {
      "version": "1.1.1",
      "resolved": "https://registry.npmjs.org/seroval/-/seroval-1.1.1.tgz",
      "integrity": "sha512-rqEO6FZk8mv7Hyv4UCj3FD3b6Waqft605TLfsCe/BiaylRpyyMC0b+uA5TJKawX3KzMrdi3wsLbCaLplrQmBvQ==",
      "dev": true,
      "peer": true,
      "engines": {
        "node": ">=10"
      }
    },
    "node_modules/seroval-plugins": {
      "version": "1.1.1",
      "resolved": "https://registry.npmjs.org/seroval-plugins/-/seroval-plugins-1.1.1.tgz",
      "integrity": "sha512-qNSy1+nUj7hsCOon7AO4wdAIo9P0jrzAMp18XhiOzA6/uO5TKtP7ScozVJ8T293oRIvi5wyCHSM4TrJo/c/GJA==",
      "dev": true,
      "peer": true,
      "engines": {
        "node": ">=10"
      },
      "peerDependencies": {
        "seroval": "^1.0"
      }
    },
    "node_modules/solid-js": {
      "version": "1.9.2",
      "resolved": "https://registry.npmjs.org/solid-js/-/solid-js-1.9.2.tgz",
      "integrity": "sha512-fe/K03nV+kMFJYhAOE8AIQHcGxB4rMIEoEyrulbtmf217NffbbwBqJnJI4ovt16e+kaIt0czE2WA7mP/pYN9yg==",
      "dev": true,
      "peer": true,
      "dependencies": {
        "csstype": "^3.1.0",
        "seroval": "^1.1.0",
        "seroval-plugins": "^1.1.0"
      }
    }
  },
  "dependencies": {
    "@iconify-icon/solid": {
      "version": "2.1.1",
      "resolved": "https://registry.npmjs.org/@iconify-icon/solid/-/solid-2.1.1.tgz",
      "integrity": "sha512-1X7nt336uhilWO0iFPf5CCvYBgneiHaX2Fq254JPG9jasDW8/cXd2ZZbtmvSz7xra+Ve3uIn15n7f/8X6USmLg==",
      "dev": true,
      "requires": {
        "iconify-icon": "^2.1.0"
      }
    },
    "@iconify/types": {
      "version": "2.0.0",
      "resolved": "https://registry.npmjs.org/@iconify/types/-/types-2.0.0.tgz",
      "integrity": "sha512-+wluvCrRhXrhyOmRDJ3q8mux9JkKy5SJ/v8ol2tu4FVjyYvtEzkc/3pK15ET6RKg4b4w4BmTk1+gsCUhf21Ykg==",
      "dev": true
    },
    "csstype": {
      "version": "3.1.3",
      "resolved": "https://registry.npmjs.org/csstype/-/csstype-3.1.3.tgz",
      "integrity": "sha512-M1uQkMl8rQK/szD0LNhtqxIPLpimGm8sOBwU7lLnCpSbTyY3yeU1Vc7l4KT5zT4s/yOxHH5O7tIuuLOCnLADRw==",
      "dev": true,
      "peer": true
    },
    "iconify-icon": {
      "version": "2.1.0",
      "resolved": "https://registry.npmjs.org/iconify-icon/-/iconify-icon-2.1.0.tgz",
      "integrity": "sha512-lto4XU3bwTQnb+D/CsJ4dWAo0aDe+uPMxEtxyOodw9l7R9QnJUUab3GCehlw2M8mDHdeUu/ufx8PvRQiJphhXg==",
      "dev": true,
      "requires": {
        "@iconify/types": "^2.0.0"
      }
    },
    "seroval": {
      "version": "1.1.1",
      "resolved": "https://registry.npmjs.org/seroval/-/seroval-1.1.1.tgz",
      "integrity": "sha512-rqEO6FZk8mv7Hyv4UCj3FD3b6Waqft605TLfsCe/BiaylRpyyMC0b+uA5TJKawX3KzMrdi3wsLbCaLplrQmBvQ==",
      "dev": true,
      "peer": true
    },
    "seroval-plugins": {
      "version": "1.1.1",
      "resolved": "https://registry.npmjs.org/seroval-plugins/-/seroval-plugins-1.1.1.tgz",
      "integrity": "sha512-qNSy1+nUj7hsCOon7AO4wdAIo9P0jrzAMp18XhiOzA6/uO5TKtP7ScozVJ8T293oRIvi5wyCHSM4TrJo/c/GJA==",
      "dev": true,
      "peer": true,
      "requires": {}
    },
    "solid-js": {
      "version": "1.9.2",
      "resolved": "https://registry.npmjs.org/solid-js/-/solid-js-1.9.2.tgz",
      "integrity": "sha512-fe/K03nV+kMFJYhAOE8AIQHcGxB4rMIEoEyrulbtmf217NffbbwBqJnJI4ovt16e+kaIt0czE2WA7mP/pYN9yg==",
      "dev": true,
      "peer": true,
      "requires": {
        "csstype": "^3.1.0",
        "seroval": "^1.1.0",
        "seroval-plugins": "^1.1.0"
      }
    }
  }
}
